// !$*UTF8*$!
{
	archiveVersion = 1;
	classes = {
	};
	objectVersion = 48;
	objects = {

/* Begin PBXBuildFile section */
		438E78FA2047D12E008F2ABD /* AppDelegate.swift in Sources */ = {isa = PBXBuildFile; fileRef = 438E78F92047D12E008F2ABD /* AppDelegate.swift */; };
		438E78FC2047D12E008F2ABD /* ViewController.swift in Sources */ = {isa = PBXBuildFile; fileRef = 438E78FB2047D12E008F2ABD /* ViewController.swift */; };
		438E79012047D12E008F2ABD /* Assets.xcassets in Resources */ = {isa = PBXBuildFile; fileRef = 438E79002047D12E008F2ABD /* Assets.xcassets */; };
		438E79042047D12E008F2ABD /* LaunchScreen.storyboard in Resources */ = {isa = PBXBuildFile; fileRef = 438E79022047D12E008F2ABD /* LaunchScreen.storyboard */; };
		438E79102047DA55008F2ABD /* PopoverViewController.swift in Sources */ = {isa = PBXBuildFile; fileRef = 438E790F2047DA55008F2ABD /* PopoverViewController.swift */; };
		C63D728F97198D0D212FBE69 /* Pods_popover.framework in Frameworks */ = {isa = PBXBuildFile; fileRef = EEC426D9DA60B2DA7E219617 /* Pods_popover.framework */; };
/* End PBXBuildFile section */

/* Begin PBXFileReference section */
		438E78F62047D12E008F2ABD /* popover.app */ = {isa = PBXFileReference; explicitFileType = wrapper.application; includeInIndex = 0; path = popover.app; sourceTree = BUILT_PRODUCTS_DIR; };
		438E78F92047D12E008F2ABD /* AppDelegate.swift */ = {isa = PBXFileReference; lastKnownFileType = sourcecode.swift; path = AppDelegate.swift; sourceTree = "<group>"; };
		438E78FB2047D12E008F2ABD /* ViewController.swift */ = {isa = PBXFileReference; lastKnownFileType = sourcecode.swift; path = ViewController.swift; sourceTree = "<group>"; };
		438E79002047D12E008F2ABD /* Assets.xcassets */ = {isa = PBXFileReference; lastKnownFileType = folder.assetcatalog; path = Assets.xcassets; sourceTree = "<group>"; };
		438E79032047D12E008F2ABD /* Base */ = {isa = PBXFileReference; lastKnownFileType = file.storyboard; name = Base; path = Base.lproj/LaunchScreen.storyboard; sourceTree = "<group>"; };
		438E79052047D12E008F2ABD /* Info.plist */ = {isa = PBXFileReference; lastKnownFileType = text.plist.xml; path = Info.plist; sourceTree = "<group>"; };
		438E790F2047DA55008F2ABD /* PopoverViewController.swift */ = {isa = PBXFileReference; lastKnownFileType = sourcecode.swift; path = PopoverViewController.swift; sourceTree = "<group>"; };
		C7E46F23DBC235547ADF394F /* Pods-popover.release.xcconfig */ = {isa = PBXFileReference; includeInIndex = 1; lastKnownFileType = text.xcconfig; name = "Pods-popover.release.xcconfig"; path = "Pods/Target Support Files/Pods-popover/Pods-popover.release.xcconfig"; sourceTree = "<group>"; };
		EEC426D9DA60B2DA7E219617 /* Pods_popover.framework */ = {isa = PBXFileReference; explicitFileType = wrapper.framework; includeInIndex = 0; path = Pods_popover.framework; sourceTree = BUILT_PRODUCTS_DIR; };
		F7B0F6C4DFE10F319B6B3270 /* Pods-popover.debug.xcconfig */ = {isa = PBXFileReference; includeInIndex = 1; lastKnownFileType = text.xcconfig; name = "Pods-popover.debug.xcconfig"; path = "Pods/Target Support Files/Pods-popover/Pods-popover.debug.xcconfig"; sourceTree = "<group>"; };
/* End PBXFileReference section */

/* Begin PBXFrameworksBuildPhase section */
		438E78F32047D12E008F2ABD /* Frameworks */ = {
			isa = PBXFrameworksBuildPhase;
			buildActionMask = 2147483647;
			files = (
				C63D728F97198D0D212FBE69 /* Pods_popover.framework in Frameworks */,
			);
			runOnlyForDeploymentPostprocessing = 0;
		};
/* End PBXFrameworksBuildPhase section */

/* Begin PBXGroup section */
		438E78ED2047D12E008F2ABD = {
			isa = PBXGroup;
			children = (
				438E78F82047D12E008F2ABD /* popover */,
				438E78F72047D12E008F2ABD /* Products */,
				618228C23439C3D22439D224 /* Pods */,
				D22BD96ADA5C2F2589DCEE2A /* Frameworks */,
			);
			sourceTree = "<group>";
		};
		438E78F72047D12E008F2ABD /* Products */ = {
			isa = PBXGroup;
			children = (
				438E78F62047D12E008F2ABD /* popover.app */,
			);
			name = Products;
			sourceTree = "<group>";
		};
		438E78F82047D12E008F2ABD /* popover */ = {
			isa = PBXGroup;
			children = (
				438E78F92047D12E008F2ABD /* AppDelegate.swift */,
				438E78FB2047D12E008F2ABD /* ViewController.swift */,
				438E790F2047DA55008F2ABD /* PopoverViewController.swift */,
				438E79002047D12E008F2ABD /* Assets.xcassets */,
				438E79022047D12E008F2ABD /* LaunchScreen.storyboard */,
				438E79052047D12E008F2ABD /* Info.plist */,
			);
			path = popover;
			sourceTree = "<group>";
		};
		618228C23439C3D22439D224 /* Pods */ = {
			isa = PBXGroup;
			children = (
				F7B0F6C4DFE10F319B6B3270 /* Pods-popover.debug.xcconfig */,
				C7E46F23DBC235547ADF394F /* Pods-popover.release.xcconfig */,
			);
			name = Pods;
			sourceTree = "<group>";
		};
		D22BD96ADA5C2F2589DCEE2A /* Frameworks */ = {
			isa = PBXGroup;
			children = (
				EEC426D9DA60B2DA7E219617 /* Pods_popover.framework */,
			);
			name = Frameworks;
			sourceTree = "<group>";
		};
/* End PBXGroup section */

/* Begin PBXNativeTarget section */
		438E78F52047D12E008F2ABD /* popover */ = {
			isa = PBXNativeTarget;
			buildConfigurationList = 438E79082047D12F008F2ABD /* Build configuration list for PBXNativeTarget "popover" */;
			buildPhases = (
				8241FC0556DEE34BF13DCA1F /* [CP] Check Pods Manifest.lock */,
				438E78F22047D12E008F2ABD /* Sources */,
				438E78F32047D12E008F2ABD /* Frameworks */,
				438E78F42047D12E008F2ABD /* Resources */,
				E462F6BCCB341F897E1B8AF9 /* [CP] Embed Pods Frameworks */,
				C1D2902CDC2E564C73E48CEA /* [CP] Copy Pods Resources */,
			);
			buildRules = (
			);
			dependencies = (
			);
			name = popover;
			productName = popover;
			productReference = 438E78F62047D12E008F2ABD /* popover.app */;
			productType = "com.apple.product-type.application";
		};
/* End PBXNativeTarget section */

/* Begin PBXProject section */
		438E78EE2047D12E008F2ABD /* Project object */ = {
			isa = PBXProject;
			attributes = {
				LastSwiftUpdateCheck = 0920;
				LastUpgradeCheck = 0920;
				ORGANIZATIONNAME = "张晨晖";
				TargetAttributes = {
					438E78F52047D12E008F2ABD = {
						CreatedOnToolsVersion = 9.2;
						ProvisioningStyle = Automatic;
					};
				};
			};
			buildConfigurationList = 438E78F12047D12E008F2ABD /* Build configuration list for PBXProject "popover" */;
			compatibilityVersion = "Xcode 8.0";
			developmentRegion = en;
			hasScannedForEncodings = 0;
			knownRegions = (
				en,
				Base,
			);
			mainGroup = 438E78ED2047D12E008F2ABD;
			productRefGroup = 438E78F72047D12E008F2ABD /* Products */;
			projectDirPath = "";
			projectRoot = "";
			targets = (
				438E78F52047D12E008F2ABD /* popover */,
			);
		};
/* End PBXProject section */

/* Begin PBXResourcesBuildPhase section */
		438E78F42047D12E008F2ABD /* Resources */ = {
			isa = PBXResourcesBuildPhase;
			buildActionMask = 2147483647;
			files = (
				438E79042047D12E008F2ABD /* LaunchScreen.storyboard in Resources */,
				438E79012047D12E008F2ABD /* Assets.xcassets in Resources */,
			);
			runOnlyForDeploymentPostprocessing = 0;
		};
/* End PBXResourcesBuildPhase section */

/* Begin PBXShellScriptBuildPhase section */
		8241FC0556DEE34BF13DCA1F /* [CP] Check Pods Manifest.lock */ = {
			isa = PBXShellScriptBuildPhase;
			buildActionMask = 2147483647;
			files = (
			);
			inputPaths = (
				"${PODS_PODFILE_DIR_PATH}/Podfile.lock",
				"${PODS_ROOT}/Manifest.lock",
			);
			name = "[CP] Check Pods Manifest.lock";
			outputPaths = (
				"$(DERIVED_FILE_DIR)/Pods-popover-checkManifestLockResult.txt",
			);
			runOnlyForDeploymentPostprocessing = 0;
			shellPath = /bin/sh;
			shellScript = "diff \"${PODS_PODFILE_DIR_PATH}/Podfile.lock\" \"${PODS_ROOT}/Manifest.lock\" > /dev/null\nif [ $? != 0 ] ; then\n    # print error to STDERR\n    echo \"error: The sandbox is not in sync with the Podfile.lock. Run 'pod install' or update your CocoaPods installation.\" >&2\n    exit 1\nfi\n# This output is used by Xcode 'outputs' to avoid re-running this script phase.\necho \"SUCCESS\" > \"${SCRIPT_OUTPUT_FILE_0}\"\n";
			showEnvVarsInLog = 0;
		};
		C1D2902CDC2E564C73E48CEA /* [CP] Copy Pods Resources */ = {
			isa = PBXShellScriptBuildPhase;
			buildActionMask = 2147483647;
			files = (
			);
			inputPaths = (
			);
			name = "[CP] Copy Pods Resources";
			outputPaths = (
			);
			runOnlyForDeploymentPostprocessing = 0;
			shellPath = /bin/sh;
			shellScript = "\"${SRCROOT}/Pods/Target Support Files/Pods-popover/Pods-popover-resources.sh\"\n";
			showEnvVarsInLog = 0;
		};
		E462F6BCCB341F897E1B8AF9 /* [CP] Embed Pods Frameworks */ = {
			isa = PBXShellScriptBuildPhase;
			buildActionMask = 2147483647;
			files = (
			);
			inputPaths = (
				"${SRCROOT}/Pods/Target Support Files/Pods-popover/Pods-popover-frameworks.sh",
				"${BUILT_PRODUCTS_DIR}/SnapKit/SnapKit.framework",
			);
			name = "[CP] Embed Pods Frameworks";
			outputPaths = (
				"${TARGET_BUILD_DIR}/${FRAMEWORKS_FOLDER_PATH}/SnapKit.framework",
			);
			runOnlyForDeploymentPostprocessing = 0;
			shellPath = /bin/sh;
			shellScript = "\"${SRCROOT}/Pods/Target Support Files/Pods-popover/Pods-popover-frameworks.sh\"\n";
			showEnvVarsInLog = 0;
		};
/* End PBXShellScriptBuildPhase section */

/* Begin PBXSourcesBuildPhase section */
		438E78F22047D12E008F2ABD /* Sources */ = {
			isa = PBXSourcesBuildPhase;
			buildActionMask = 2147483647;
			files = (
				438E78FC2047D12E008F2ABD /* ViewController.swift in Sources */,
				438E79102047DA55008F2ABD /* PopoverViewController.swift in Sources */,
				438E78FA2047D12E008F2ABD /* AppDelegate.swift in Sources */,
			);
			runOnlyForDeploymentPostprocessing = 0;
		};
/* End PBXSourcesBuildPhase section */

/* Begin PBXVariantGroup section */
		438E79022047D12E008F2ABD /* LaunchScreen.storyboard */ = {
			isa = PBXVariantGroup;
			children = (
				438E79032047D12E008F2ABD /* Base */,
			);
			name = LaunchScreen.storyboard;
			sourceTree = "<group>";
		};
/* End PBXVariantGroup section */

/* Begin XCBuildConfiguration section */
		438E79062047D12E008F2ABD /* Debug */ = {
			isa = XCBuildConfiguration;
			buildSettings = {
				ALWAYS_SEARCH_USER_PATHS = NO;
				CLANG_ANALYZER_NONNULL = YES;
				CLANG_ANALYZER_NUMBER_OBJECT_CONVERSION = YES_AGGRESSIVE;
				CLANG_CXX_LANGUAGE_STANDARD = "gnu++14";
				CLANG_CXX_LIBRARY = "libc++";
				CLANG_ENABLE_MODULES = YES;
				CLANG_ENABLE_OBJC_ARC = YES;
				CLANG_WARN_BLOCK_CAPTURE_AUTORELEASING = YES;
				CLANG_WARN_BOOL_CONVERSION = YES;
				CLANG_WARN_COMMA = YES;
				CLANG_WARN_CONSTANT_CONVERSION = YES;
				CLANG_WARN_DIRECT_OBJC_ISA_USAGE = YES_ERROR;
				CLANG_WARN_DOCUMENTATION_COMMENTS = YES;
				CLANG_WARN_EMPTY_BODY = YES;
				CLANG_WARN_ENUM_CONVERSION = YES;
				CLANG_WARN_INFINITE_RECURSION = YES;
				CLANG_WARN_INT_CONVERSION = YES;
				CLANG_WARN_NON_LITERAL_NULL_CONVERSION = YES;
				CLANG_WARN_OBJC_LITERAL_CONVERSION = YES;
				CLANG_WARN_OBJC_ROOT_CLASS = YES_ERROR;
				CLANG_WARN_RANGE_LOOP_ANALYSIS = YES;
				CLANG_WARN_STRICT_PROTOTYPES = YES;
				CLANG_WARN_SUSPICIOUS_MOVE = YES;
				CLANG_WARN_UNGUARDED_AVAILABILITY = YES_AGGRESSIVE;
				CLANG_WARN_UNREACHABLE_CODE = YES;
				CLANG_WARN__DUPLICATE_METHOD_MATCH = YES;
				CODE_SIGN_IDENTITY = "iPhone Developer";
				COPY_PHASE_STRIP = NO;
				DEBUG_INFORMATION_FORMAT = dwarf;
				ENABLE_STRICT_OBJC_MSGSEND = YES;
				ENABLE_TESTABILITY = YES;
				GCC_C_LANGUAGE_STANDARD = gnu11;
				GCC_DYNAMIC_NO_PIC = NO;
				GCC_NO_COMMON_BLOCKS = YES;
				GCC_OPTIMIZATION_LEVEL = 0;
				GCC_PREPROCESSOR_DEFINITIONS = (
					"DEBUG=1",
					"$(inherited)",
				);
				GCC_WARN_64_TO_32_BIT_CONVERSION = YES;
				GCC_WARN_ABOUT_RETURN_TYPE = YES_ERROR;
				GCC_WARN_UNDECLARED_SELECTOR = YES;
				GCC_WARN_UNINITIALIZED_AUTOS = YES_AGGRESSIVE;
				GCC_WARN_UNUSED_FUNCTION = YES;
				GCC_WARN_UNUSED_VARIABLE = YES;
				IPHONEOS_DEPLOYMENT_TARGET = 11.2;
				MTL_ENABLE_DEBUG_INFO = YES;
				ONLY_ACTIVE_ARCH = YES;
				SDKROOT = iphoneos;
				SWIFT_ACTIVE_COMPILATION_CONDITIONS = DEBUG;
				SWIFT_OPTIMIZATION_LEVEL = "-Onone";
			};
			name = Debug;
		};
		438E79072047D12E008F2ABD /* Release */ = {
			isa = XCBuildConfiguration;
			buildSettings = {
				ALWAYS_SEARCH_USER_PATHS = NO;
				CLANG_ANALYZER_NONNULL = YES;
				CLANG_ANALYZER_NUMBER_OBJECT_CONVERSION = YES_AGGRESSIVE;
				CLANG_CXX_LANGUAGE_STANDARD = "gnu++14";
				CLANG_CXX_LIBRARY = "libc++";
				CLANG_ENABLE_MODULES = YES;
				CLANG_ENABLE_OBJC_ARC = YES;
				CLANG_WARN_BLOCK_CAPTURE_AUTORELEASING = YES;
				CLANG_WARN_BOOL_CONVERSION = YES;
				CLANG_WARN_COMMA = YES;
				CLANG_WARN_CONSTANT_CONVERSION = YES;
				CLANG_WARN_DIRECT_OBJC_ISA_USAGE = YES_ERROR;
				CLANG_WARN_DOCUMENTATION_COMMENTS = YES;
				CLANG_WARN_EMPTY_BODY = YES;
				CLANG_WARN_ENUM_CONVERSION = YES;
				CLANG_WARN_INFINITE_RECURSION = YES;
				CLANG_WARN_INT_CONVERSION = YES;
				CLANG_WARN_NON_LITERAL_NULL_CONVERSION = YES;
				CLANG_WARN_OBJC_LITERAL_CONVERSION = YES;
				CLANG_WARN_OBJC_ROOT_CLASS = YES_ERROR;
				CLANG_WARN_RANGE_LOOP_ANALYSIS = YES;
				CLANG_WARN_STRICT_PROTOTYPES = YES;
				CLANG_WARN_SUSPICIOUS_MOVE = YES;
				CLANG_WARN_UNGUARDED_AVAILABILITY = YES_AGGRESSIVE;
				CLANG_WARN_UNREACHABLE_CODE = YES;
				CLANG_WARN__DUPLICATE_METHOD_MATCH = YES;
				CODE_SIGN_IDENTITY = "iPhone Developer";
				COPY_PHASE_STRIP = NO;
				DEBUG_INFORMATION_FORMAT = "dwarf-with-dsym";
				ENABLE_NS_ASSERTIONS = NO;
				ENABLE_STRICT_OBJC_MSGSEND = YES;
				GCC_C_LANGUAGE_STANDARD = gnu11;
				GCC_NO_COMMON_BLOCKS = YES;
				GCC_WARN_64_TO_32_BIT_CONVERSION = YES;
				GCC_WARN_ABOUT_RETURN_TYPE = YES_ERROR;
				GCC_WARN_UNDECLARED_SELECTOR = YES;
				GCC_WARN_UNINITIALIZED_AUTOS = YES_AGGRESSIVE;
				GCC_WARN_UNUSED_FUNCTION = YES;
				GCC_WARN_UNUSED_VARIABLE = YES;
				IPHONEOS_DEPLOYMENT_TARGET = 11.2;
				MTL_ENABLE_DEBUG_INFO = NO;
				SDKROOT = iphoneos;
				SWIFT_OPTIMIZATION_LEVEL = "-Owholemodule";
				VALIDATE_PRODUCT = YES;
			};
			name = Release;
		};
		438E79092047D12F008F2ABD /* Debug */ = {
			isa = XCBuildConfiguration;
			baseConfigurationReference = F7B0F6C4DFE10F319B6B3270 /* Pods-popover.debug.xcconfig */;
			buildSettings = {
				ASSETCATALOG_COMPILER_APPICON_NAME = AppIcon;
				CODE_SIGN_STYLE = Automatic;
				DEVELOPMENT_TEAM = F22VTWNS57;
				INFOPLIST_FILE = popover/Info.plist;
				LD_RUNPATH_SEARCH_PATHS = "$(inherited) @executable_path/Frameworks";
				PRODUCT_BUNDLE_IDENTIFIER = com.chenhuizhang.popover;
				PRODUCT_NAME = "$(TARGET_NAME)";
				SWIFT_VERSION = 4.0;
				TARGETED_DEVICE_FAMILY = "1,2";
			};
			name = Debug;
		};
		438E790A2047D12F008F2ABD /* Release */ = {
			isa = XCBuildConfiguration;
			baseConfigurationReference = C7E46F23DBC235547ADF394F /* Pods-popover.release.xcconfig */;
			buildSettings = {
				ASSETCATALOG_COMPILER_APPICON_NAME = AppIcon;
				CODE_SIGN_STYLE = Automatic;
				DEVELOPMENT_TEAM = F22VTWNS57;
				INFOPLIST_FILE = popover/Info.plist;
				LD_RUNPATH_SEARCH_PATHS = "$(inherited) @executable_path/Frameworks";
				PRODUCT_BUNDLE_IDENTIFIER = com.chenhuizhang.popover;
				PRODUCT_NAME = "$(TARGET_NAME)";
				SWIFT_VERSION = 4.0;
				TARGETED_DEVICE_FAMILY = "1,2";
			};
			name = Release;
		};
/* End XCBuildConfiguration section */

/* Begin XCConfigurationList section */
		438E78F12047D12E008F2ABD /* Build configuration list for PBXProject "popover" */ = {
			isa = XCConfigurationList;
			buildConfigurations = (
				438E79062047D12E008F2ABD /* Debug */,
				438E79072047D12E008F2ABD /* Release */,
			);
			defaultConfigurationIsVisible = 0;
			defaultConfigurationName = Release;
		};
		438E79082047D12F008F2ABD /* Build configuration list for PBXNativeTarget "popover" */ = {
			isa = XCConfigurationList;
			buildConfigurations = (
				438E79092047D12F008F2ABD /* Debug */,
				438E790A2047D12F008F2ABD /* Release */,
			);
			defaultConfigurationIsVisible = 0;
			defaultConfigurationName = Release;
		};
/* End XCConfigurationList section */
	};
	rootObject = 438E78EE2047D12E008F2ABD /* Project object */;
}
